{
  "nodes": {
    "copilotchat-nvim": {
      "flake": false,
      "locked": {
        "lastModified": 1715181265,
        "narHash": "sha256-M8yXhO5PWxTlCMEgVkaRuVlscKr2NR9YN+U3j4PUQJs=",
        "owner": "copilotc-nvim",
        "repo": "copilotchat.nvim",
        "rev": "af18fa2fbc765ddf9bacd22e15c974642f20d19b",
        "type": "github"
      },
      "original": {
        "owner": "copilotc-nvim",
        "repo": "copilotchat.nvim",
        "type": "github"
      }
    },
    "flake-utils": {
      "inputs": {
        "systems": "systems"
      },
      "locked": {
        "lastModified": 1710146030,
        "narHash": "sha256-SZ5L6eA7HJ/nmkzGG7/ISclqe6oZdOZTNoesiInkXPQ=",
        "owner": "numtide",
        "repo": "flake-utils",
        "rev": "b1d9ab70662946ef0850d488da1c9019f3a9752a",
        "type": "github"
      },
      "original": {
        "owner": "numtide",
        "repo": "flake-utils",
        "type": "github"
      }
    },
    "flake-utils_2": {
      "inputs": {
        "systems": "systems_2"
      },
      "locked": {
        "lastModified": 1710146030,
        "narHash": "sha256-SZ5L6eA7HJ/nmkzGG7/ISclqe6oZdOZTNoesiInkXPQ=",
        "owner": "numtide",
        "repo": "flake-utils",
        "rev": "b1d9ab70662946ef0850d488da1c9019f3a9752a",
        "type": "github"
      },
      "original": {
        "owner": "numtide",
        "repo": "flake-utils",
        "type": "github"
      }
    },
    "midnight-nvim": {
      "flake": false,
      "locked": {
        "lastModified": 1708792234,
        "narHash": "sha256-wkXMmFGLjm5MyLz5SkSVWf8R8PCFdjXoh/04JwKfV6o=",
        "owner": "dasupradyumna",
        "repo": "midnight.nvim",
        "rev": "b5a1dd02a3c2ddc56de8466da45895b19981584a",
        "type": "github"
      },
      "original": {
        "owner": "dasupradyumna",
        "repo": "midnight.nvim",
        "type": "github"
      }
    },
    "neovim": {
      "inputs": {
        "flake-utils": "flake-utils_2",
        "nixpkgs": [
          "nixpkgs"
        ]
      },
      "locked": {
        "dir": "contrib",
        "lastModified": 1715862872,
        "narHash": "sha256-FCOipXHkAbkuFw9JjEpOIJ8BkyMkjkI0Dp+SzZ4yZlw=",
        "owner": "neovim",
        "repo": "neovim",
        "rev": "27fb62988e922c2739035f477f93cc052a4fee1e",
        "type": "github"
      },
      "original": {
        "dir": "contrib",
        "owner": "neovim",
        "ref": "stable",
        "repo": "neovim",
        "type": "github"
      }
    },
    "nixpkgs": {
      "locked": {
        "lastModified": 1715787315,
        "narHash": "sha256-cYApT0NXJfqBkKcci7D9Kr4CBYZKOQKDYA23q8XNuWg=",
        "owner": "nixos",
        "repo": "nixpkgs",
        "rev": "33d1e753c82ffc557b4a585c77de43d4c922ebb5",
        "type": "github"
      },
      "original": {
        "owner": "nixos",
        "ref": "nixos-unstable",
        "repo": "nixpkgs",
        "type": "github"
      }
    },
    "root": {
      "inputs": {
        "copilotchat-nvim": "copilotchat-nvim",
        "flake-utils": "flake-utils",
        "midnight-nvim": "midnight-nvim",
        "neovim": "neovim",
        "nixpkgs": "nixpkgs"
      }
    },
    "systems": {
      "locked": {
        "lastModified": 1681028828,
        "narHash": "sha256-Vy1rq5AaRuLzOxct8nz4T6wlgyUR7zLU309k9mBC768=",
        "owner": "nix-systems",
        "repo": "default",
        "rev": "da67096a3b9bf56a91d16901293e51ba5b49a27e",
        "type": "github"
      },
      "original": {
        "owner": "nix-systems",
        "repo": "default",
        "type": "github"
      }
    },
    "systems_2": {
      "locked": {
        "lastModified": 1681028828,
        "narHash": "sha256-Vy1rq5AaRuLzOxct8nz4T6wlgyUR7zLU309k9mBC768=",
        "owner": "nix-systems",
        "repo": "default",
        "rev": "da67096a3b9bf56a91d16901293e51ba5b49a27e",
        "type": "github"
      },
      "original": {
        "owner": "nix-systems",
        "repo": "default",
        "type": "github"
      }
    }
  },
  "root": "root",
  "version": 7
}
