{
  "nodes": {
    "copilotchat-nvim": {
      "flake": false,
      "locked": {
        "lastModified": 1712990755,
        "narHash": "sha256-Nwugw3YDO4DDZeluepRY7d9F5umaGviuQ2EkrF6FNd4=",
        "owner": "copilotc-nvim",
        "repo": "copilotchat.nvim",
        "rev": "9898b4cd1b19c6ca639b77b34bb599a119356c1f",
        "type": "github"
      },
      "original": {
        "owner": "copilotc-nvim",
        "repo": "copilotchat.nvim",
        "type": "github"
      }
    },
    "flake-utils": {
      "inputs": {
        "systems": "systems"
      },
      "locked": {
        "lastModified": 1710146030,
        "narHash": "sha256-SZ5L6eA7HJ/nmkzGG7/ISclqe6oZdOZTNoesiInkXPQ=",
        "owner": "numtide",
        "repo": "flake-utils",
        "rev": "b1d9ab70662946ef0850d488da1c9019f3a9752a",
        "type": "github"
      },
      "original": {
        "owner": "numtide",
        "repo": "flake-utils",
        "type": "github"
      }
    },
    "flake-utils_2": {
      "locked": {
        "lastModified": 1667395993,
        "narHash": "sha256-nuEHfE/LcWyuSWnS8t12N1wc105Qtau+/OdUAjtQ0rA=",
        "owner": "numtide",
        "repo": "flake-utils",
        "rev": "5aed5285a952e0b949eb3ba02c12fa4fcfef535f",
        "type": "github"
      },
      "original": {
        "owner": "numtide",
        "repo": "flake-utils",
        "type": "github"
      }
    },
    "midnight-nvim": {
      "flake": false,
      "locked": {
        "lastModified": 1708792234,
        "narHash": "sha256-wkXMmFGLjm5MyLz5SkSVWf8R8PCFdjXoh/04JwKfV6o=",
        "owner": "dasupradyumna",
        "repo": "midnight.nvim",
        "rev": "b5a1dd02a3c2ddc56de8466da45895b19981584a",
        "type": "github"
      },
      "original": {
        "owner": "dasupradyumna",
        "repo": "midnight.nvim",
        "type": "github"
      }
    },
    "neovim": {
      "inputs": {
        "flake-utils": "flake-utils_2",
        "nixpkgs": [
          "nixpkgs"
        ]
      },
      "locked": {
        "dir": "contrib",
        "lastModified": 1713239995,
        "narHash": "sha256-yOMH6YG/MEzbYr78yOH0E8XlcDzc+abOB7N793ZOuUc=",
        "owner": "neovim",
        "repo": "neovim",
        "rev": "47ba96a6b3bf22097134b319ed97ec840b05eaa7",
        "type": "github"
      },
      "original": {
        "dir": "contrib",
        "owner": "neovim",
        "ref": "nightly",
        "repo": "neovim",
        "type": "github"
      }
    },
    "nixpkgs": {
      "locked": {
        "lastModified": 1712963716,
        "narHash": "sha256-WKm9CvgCldeIVvRz87iOMi8CFVB1apJlkUT4GGvA0iM=",
        "owner": "nixos",
        "repo": "nixpkgs",
        "rev": "cfd6b5fc90b15709b780a5a1619695a88505a176",
        "type": "github"
      },
      "original": {
        "owner": "nixos",
        "ref": "nixos-unstable",
        "repo": "nixpkgs",
        "type": "github"
      }
    },
    "root": {
      "inputs": {
        "copilotchat-nvim": "copilotchat-nvim",
        "flake-utils": "flake-utils",
        "midnight-nvim": "midnight-nvim",
        "neovim": "neovim",
        "nixpkgs": "nixpkgs"
      }
    },
    "systems": {
      "locked": {
        "lastModified": 1681028828,
        "narHash": "sha256-Vy1rq5AaRuLzOxct8nz4T6wlgyUR7zLU309k9mBC768=",
        "owner": "nix-systems",
        "repo": "default",
        "rev": "da67096a3b9bf56a91d16901293e51ba5b49a27e",
        "type": "github"
      },
      "original": {
        "owner": "nix-systems",
        "repo": "default",
        "type": "github"
      }
    }
  },
  "root": "root",
  "version": 7
}
